%{
  "baobab": {:hex, :baobab, "0.35.2", "aa892d81e39c3e01bd4fcc8e2fd9c649b94162d069695a2a51ee745155852a64", [:mix], [{:basex, ">= 0.0.0", [hex: :basex, repo: "hexpm", optional: false]}, {:ed25519, "~> 1.5", [hex: :ed25519, repo: "hexpm", optional: false]}, {:lipmaa, ">= 1.1.0", [hex: :lipmaa, repo: "hexpm", optional: false]}, {:varu64, "~> 1.0.0", [hex: :varu64, repo: "hexpm", optional: false]}, {:yamfhash, ">= 1.0.0", [hex: :yamfhash, repo: "hexpm", optional: false]}], "hexpm", "4d670b102fae8dcb12b26b63973046d82f1a617fa0e556eaf2d5cff9ae7302a3"},
  "basex": {:hex, :basex, "1.3.3", "857f4df811430d48890863b67bebc115b2d437d78f428ed4125d6edf5d09f80c", [:mix], [], "hexpm", "3a8eaf27124340417d5aa1d7a926a7186f2ea37dbd574426ba521614121fce8d"},
  "blake2": {:hex, :blake2, "1.0.4", "8263c69a191142922bc2510f1ffc0de0ae96e8c3bd5e2ad3fac7e87aed94c8b1", [:mix], [], "hexpm", "e9f4120d163ba14d86304195e50745fa18483e6ad2be94c864ae449bbdd6a189"},
  "bunt": {:hex, :bunt, "1.0.0", "081c2c665f086849e6d57900292b3a161727ab40431219529f13c4ddcf3e7a44", [:mix], [], "hexpm", "dc5f86aa08a5f6fa6b8096f0735c4e76d54ae5c9fa2c143e5a1fc7c1cd9bb6b5"},
  "cbor": {:hex, :cbor, "1.0.2", "9b0af85af291a556e10a0ffd48ba9a21a75e711828fafd3af193d56d95f0907f", [:mix], [], "hexpm", "edbc9b4a16eb93a582437b9b249c340a75af03958e338fb43d8c1be9fc65b864"},
  "chacha20": {:hex, :chacha20, "1.0.4", "0359d8f9a32269271044c1b471d5cf69660c362a7c61a98f73a05ef0b5d9eb9e", [:mix], [], "hexpm", "2027f5d321ae9903f1f0da7f51b0635ad6b8819bc7fe397837930a2011bc2349"},
  "credo": {:hex, :credo, "1.7.19", "cc52129665fc7c15143d47838fda0f9cd6dac9ceced7bf4da6f85fcbfe64b12a", [:mix], [{:bunt, "~> 0.2.1 or ~> 1.0", [hex: :bunt, repo: "hexpm", optional: false]}, {:file_system, "~> 0.2 or ~> 1.0", [hex: :file_system, repo: "hexpm", optional: false]}, {:jason, "~> 1.0", [hex: :jason, repo: "hexpm", optional: false]}], "hexpm", "2d8bc95d5a7bb99dd2613621d4f08c6a3575c3fd4b62e6a2b48a100352a557b8"},
  "curve25519": {:hex, :curve25519, "1.0.6", "e1381598b4d16691cd569709fda6f54d7f87918ed2c19a051714a338e7e56279", [:mix], [], "hexpm", "dd714c2da20cdddca81f0b659236c8fb2119e58697326da50785b5c1bc64af9d"},
  "earmark_parser": {:hex, :earmark_parser, "1.4.46", "67607a0532e810c6f630a515c548d0b24949643f168cc556303bee4cf96105c7", [:mix], [], "hexpm", "9c44636e8a1c68c62f526b2dcd85d941dbbcee7ab82cf64ba06ce28bef8e89f5"},
  "ed25519": {:hex, :ed25519, "1.5.1", "c1e7d96188ff241fe9924ed06640d3e60ce5c19f9c3f1079db850f4d0ea1f7dc", [:mix], [], "hexpm", "f83f7b346edfb91f0672682dee8672d16a26bfa8a7b85ee9795cb7fb2825b8bb"},
  "equivalex": {:hex, :equivalex, "1.0.3", "170d9a82ae066e0020dfe1cf7811381669565922eb3359f6c91d7e9a1124ff74", [:mix], [], "hexpm", "46fa311adb855117d36e461b9c0ad2598f72110ad17ad73d7533c78020e045fc"},
  "ex_doc": {:hex, :ex_doc, "0.40.3", "4a972ffe64bc07dc605af487e98fc19b72a4185f55ca031b94c0552d6071c1d9", [:mix], [{:earmark_parser, "~> 1.4.44", [hex: :earmark_parser, repo: "hexpm", optional: false]}, {:makeup_c, ">= 0.1.0", [hex: :makeup_c, repo: "hexpm", optional: true]}, {:makeup_elixir, "~> 0.14 or ~> 1.0", [hex: :makeup_elixir, repo: "hexpm", optional: false]}, {:makeup_erlang, "~> 0.1 or ~> 1.0", [hex: :makeup_erlang, repo: "hexpm", optional: false]}, {:makeup_html, ">= 0.1.0", [hex: :makeup_html, repo: "hexpm", optional: true]}], "hexpm", "2756e357742fecd9749b489b85d67c9ce99c465f2e75728d9e6dc8d704b973de"},
  "file_system": {:hex, :file_system, "1.1.1", "31864f4685b0148f25bd3fbef2b1228457c0c89024ad67f7a81a3ffbc0bbad3a", [:mix], [], "hexpm", "7a15ff97dfe526aeefb090a7a9d3d03aa907e100e262a0f8f7746b78f8f87a5d"},
  "jason": {:hex, :jason, "1.4.5", "2e3a008590b0b8d7388c20293e9dcc9cf3e5d642fd2a114e4cbbb52e595d940a", [:mix], [{:decimal, "~> 1.0 or ~> 2.0 or ~> 3.0", [hex: :decimal, repo: "hexpm", optional: true]}], "hexpm", "b0c823996102bcd0239b3c2444eb00409b72f6a140c1950bc8b457d836b30684"},
  "kcl": {:hex, :kcl, "1.5.1", "7284fa9445ec887a2fa77c8d0c7205a5b0156959882748e65056089882b6d388", [:mix], [{:curve25519, ">= 1.0.4", [hex: :curve25519, repo: "hexpm", optional: false]}, {:ed25519, ">= 1.5.0", [hex: :ed25519, repo: "hexpm", optional: false]}, {:poly1305, "~> 1.0", [hex: :poly1305, repo: "hexpm", optional: false]}, {:salsa20, "~> 1.0", [hex: :salsa20, repo: "hexpm", optional: false]}], "hexpm", "254cf4eaa0f103b4e687ecf49158c6e350fc32134f446ef1cf028565509953c4"},
  "lipmaa": {:hex, :lipmaa, "1.1.1", "9200d40d80d67569159126869badc8881c0c1c1646f5f38a77e3cbfe49a8835c", [:mix], [], "hexpm", "cb0b251eddb7f3744ea3f3c1a46bdbf6ea0fe97c6e1dc763976e1a0a5e7956de"},
  "makeup": {:hex, :makeup, "1.2.2", "882d46dc0905e9ff7abf2aab61a7e6b3dcc555533977d8a23b06019e6c89ac94", [:mix], [{:nimble_parsec, "~> 1.4", [hex: :nimble_parsec, repo: "hexpm", optional: false]}], "hexpm", "9a1a24e5b343b8ae16abea0822c10a6f75da27af7fa802ada5251f7579bfccfa"},
  "makeup_elixir": {:hex, :makeup_elixir, "1.0.1", "e928a4f984e795e41e3abd27bfc09f51db16ab8ba1aebdba2b3a575437efafc2", [:mix], [{:makeup, "~> 1.0", [hex: :makeup, repo: "hexpm", optional: false]}, {:nimble_parsec, "~> 1.2.3 or ~> 1.3", [hex: :nimble_parsec, repo: "hexpm", optional: false]}], "hexpm", "7284900d412a3e5cfd97fdaed4f5ed389b8f2b4cb49efc0eb3bd10e2febf9507"},
  "makeup_erlang": {:hex, :makeup_erlang, "1.1.0", "835f7e60792e08824cda445639555d7bf1bbbddb1b60b306e33cb6f6db24dc74", [:mix], [{:makeup, "~> 1.0", [hex: :makeup, repo: "hexpm", optional: false]}], "hexpm", "1cd6780fb1dd1a03979abaed0fe82712b0625118fd5257d3ebbf73f960c73c3c"},
  "mdns_lite": {:hex, :mdns_lite, "0.9.2", "c897ec41661f22e08a649f2d31565eb7a7e06b770f4f50074e97629bf6d524d6", [:mix], [{:igniter, "~> 0.5", [hex: :igniter, repo: "hexpm", optional: true]}, {:vintage_net, "~> 0.7", [hex: :vintage_net, repo: "hexpm", optional: true]}], "hexpm", "0798b8b9bd11a18aa4128d9beb0e093414ed89f735d592b87f362ae2a8ff6081"},
  "nimble_parsec": {:hex, :nimble_parsec, "1.4.2", "8efba0122db06df95bfaa78f791344a89352ba04baedd3849593bfce4d0dc1c6", [:mix], [], "hexpm", "4b21398942dda052b403bbe1da991ccd03a053668d147d53fb8c4e0efe09c973"},
  "poly1305": {:hex, :poly1305, "1.0.4", "7cdc8961a0a6e00a764835918cdb8ade868044026df8ef5d718708ea6cc06611", [:mix], [{:chacha20, "~> 1.0", [hex: :chacha20, repo: "hexpm", optional: false]}, {:equivalex, "~> 1.0", [hex: :equivalex, repo: "hexpm", optional: false]}], "hexpm", "e14e684661a5195e149b3139db4a1693579d4659d65bba115a307529c47dbc3b"},
  "primacy": {:hex, :primacy, "0.1.0", "c76a2e9a8928ab0713a31dfeb709e3853a0492b5d5764cbb0d86aa392d22b5f1", [:mix], [], "hexpm", "8de0f3b3b4badc459dca3b32c1dc4c00a72cde58d062ea35376eade893e24e6b"},
  "ranch": {:hex, :ranch, "1.8.1", "208169e65292ac5d333d6cdbad49388c1ae198136e4697ae2f474697140f201c", [:make, :rebar3], [], "hexpm", "aed58910f4e21deea992a67bf51632b6d60114895eb03bb392bb733064594dd0"},
  "replayq": {:hex, :replayq, "0.3.12", "152b0a3603e87b3adbafe21ff77fccbde8b9dd0f43dafb9081d2d27f5b0fd8f4", [:rebar3], [], "hexpm", "d7581afb44ffed42a17d2182c13ebf3129cb75e861d5a5d8c93b84a90a10c742"},
  "salsa20": {:hex, :salsa20, "1.0.4", "404cbea1fa8e68a41bcc834c0a2571ac175580fec01cc38cc70c0fb9ffc87e9b", [:mix], [], "hexpm", "745ddcd8cfa563ddb0fd61e7ce48d5146279a2cf7834e1da8441b369fdc58ac6"},
  "stlv": {:hex, :stlv, "1.0.1", "bba0986d323cdbaaefbd95a0b9b5139018cad08e02cd0e3bdab12c209485f521", [:mix], [{:varu64, ">= 0.0.0", [hex: :varu64, repo: "hexpm", optional: false]}], "hexpm", "3541dd380f110b883659c97f1aa75c721669c696224094d1ffa5fa19b294f410"},
  "varu64": {:hex, :varu64, "1.0.2", "4d83645703a9b84c27fef41a2b0618b985371ef51a0566c8ed1fca6d31e277c4", [:mix], [], "hexpm", "b74b3a8a405aac46fabf83f924146830e6260764b8c78c1c4921dfb85da44c03"},
  "yamfhash": {:hex, :yamfhash, "1.0.2", "2c39d6104f7ef9463aa0d375adb9298c13e335de7b6a2acf63e7b8d56b924b6a", [:mix], [{:stlv, ">= 0.0.0", [hex: :stlv, repo: "hexpm", optional: false]}], "hexpm", "79e1db4cdc6ad28e7d486f2e74dddf76dd460a53756c99845dc7758ec6883ee7"},
}
